
Microsoft Visual Studio Solution File, Format Version 12.00
# Visual Studio Version 16
VisualStudioVersion = 16.0.29102.190
MinimumVisualStudioVersion = 10.0.40219.1
Project("{FAE04EC0-301F-11D3-BF4B-00C04F79EFBC}") = "uploadXenoGene", "uploadXenoGene.csproj", "{949C5BB3-A19E-41B7-9A5B-B035688F1892}"
EndProject
Global
	GlobalSection(SolutionConfigurationPlatforms) = preSolution
		Debug|Any CPU = Debug|Any CPU
		Release|Any CPU = Release|Any CPU
	EndGlobalSection
	GlobalSection(ProjectConfigurationPlatforms) = postSolution
		{949C5BB3-A19E-41B7-9A5B-B035688F1892}.Debug|Any CPU.ActiveCfg = Debug|Any CPU
		{949C5BB3-A19E-41B7-9A5B-B035688F1892}.Debug|Any CPU.Build.0 = Debug|Any CPU
		{949C5BB3-A19E-41B7-9A5B-B035688F1892}.Release|Any CPU.ActiveCfg = Release|Any CPU
		{949C5BB3-A19E-41B7-9A5B-B035688F1892}.Release|Any CPU.Build.0 = Release|Any CPU
	EndGlobalSection
	GlobalSection(SolutionProperties) = preSolution
		HideSolutionNode = FALSE
	EndGlobalSection
	GlobalSection(ExtensibilityGlobals) = postSolution
		SolutionGuid = {5F52F431-BE0A-4CDA-8C8E-45F54D6FA283}
	EndGlobalSection
EndGlobal
